
Microsoft Visual Studio Solution File, Format Version 12.00
# Visual Studio Version 17
VisualStudioVersion = 17.9.34622.214
MinimumVisualStudioVersion = 10.0.40219.1
Project("{9A19103F-16F7-4668-BE54-9A1E7A4F7556}") = "MyFinance", "MyFinance\MyFinance.csproj", "{753C46D7-17F8-4948-AD11-16D9FC87BD71}"
EndProject
Project("{9A19103F-16F7-4668-BE54-9A1E7A4F7556}") = "WebAPI_MyFinance", "..\..\MyFinance\WebAPI_MyFinance\WebAPI_MyFinance.csproj", "{809DB90E-8AE7-4962-A645-1C0F77556185}"
EndProject
Global
	GlobalSection(SolutionConfigurationPlatforms) = preSolution
		Debug|Any CPU = Debug|Any CPU
		Release|Any CPU = Release|Any CPU
	EndGlobalSection
	GlobalSection(ProjectConfigurationPlatforms) = postSolution
		{753C46D7-17F8-4948-AD11-16D9FC87BD71}.Debug|Any CPU.ActiveCfg = Debug|Any CPU
		{753C46D7-17F8-4948-AD11-16D9FC87BD71}.Debug|Any CPU.Build.0 = Debug|Any CPU
		{753C46D7-17F8-4948-AD11-16D9FC87BD71}.Debug|Any CPU.Deploy.0 = Debug|Any CPU
		{753C46D7-17F8-4948-AD11-16D9FC87BD71}.Release|Any CPU.ActiveCfg = Release|Any CPU
		{753C46D7-17F8-4948-AD11-16D9FC87BD71}.Release|Any CPU.Build.0 = Release|Any CPU
		{753C46D7-17F8-4948-AD11-16D9FC87BD71}.Release|Any CPU.Deploy.0 = Release|Any CPU
		{809DB90E-8AE7-4962-A645-1C0F77556185}.Debug|Any CPU.ActiveCfg = Debug|Any CPU
		{809DB90E-8AE7-4962-A645-1C0F77556185}.Debug|Any CPU.Build.0 = Debug|Any CPU
		{809DB90E-8AE7-4962-A645-1C0F77556185}.Release|Any CPU.ActiveCfg = Release|Any CPU
		{809DB90E-8AE7-4962-A645-1C0F77556185}.Release|Any CPU.Build.0 = Release|Any CPU
	EndGlobalSection
	GlobalSection(SolutionProperties) = preSolution
		HideSolutionNode = FALSE
	EndGlobalSection
	GlobalSection(ExtensibilityGlobals) = postSolution
		SolutionGuid = {058F2CDC-3B53-4EF0-94B0-08F1B7A9E4D7}
	EndGlobalSection
EndGlobal
