
Microsoft Visual Studio Solution File, Format Version 12.00
# Visual Studio Version 17
VisualStudioVersion = 17.9.34902.65
MinimumVisualStudioVersion = 10.0.40219.1
Project("{FAE04EC0-301F-11D3-BF4B-00C04F79EFBC}") = "WebAPI_MyFinance", "WebAPI_MyFinance.csproj", "{883E86DB-6B53-41FC-AD2C-5A7F3EDDB484}"
EndProject
Global
	GlobalSection(SolutionConfigurationPlatforms) = preSolution
		Debug|Any CPU = Debug|Any CPU
		Release|Any CPU = Release|Any CPU
	EndGlobalSection
	GlobalSection(ProjectConfigurationPlatforms) = postSolution
		{883E86DB-6B53-41FC-AD2C-5A7F3EDDB484}.Debug|Any CPU.ActiveCfg = Debug|Any CPU
		{883E86DB-6B53-41FC-AD2C-5A7F3EDDB484}.Debug|Any CPU.Build.0 = Debug|Any CPU
		{883E86DB-6B53-41FC-AD2C-5A7F3EDDB484}.Release|Any CPU.ActiveCfg = Release|Any CPU
		{883E86DB-6B53-41FC-AD2C-5A7F3EDDB484}.Release|Any CPU.Build.0 = Release|Any CPU
	EndGlobalSection
	GlobalSection(SolutionProperties) = preSolution
		HideSolutionNode = FALSE
	EndGlobalSection
	GlobalSection(ExtensibilityGlobals) = postSolution
		SolutionGuid = {F158F104-FEE8-449A-8C79-9E19FF1C88FE}
	EndGlobalSection
EndGlobal
